
Microsoft Visual Studio Solution File, Format Version 11.00
# Visual Studio 2010
Project("{FAE04EC0-301F-11D3-BF4B-00C04F79EFBC}") = "Assembly-CSharp", "Assembly-CSharp.csproj", "{CBA26EC0-D06D-91A6-BFD4-074F62511BEE}"
EndProject
Project("{FAE04EC0-301F-11D3-BF4B-00C04F79EFBC}") = "Assembly-CSharp-Editor", "Assembly-CSharp-Editor.csproj", "{41761598-2EE4-7F53-BE9E-F1877621432E}"
EndProject
Global
	GlobalSection(SolutionConfigurationPlatforms) = preSolution
		Debug|Any CPU = Debug|Any CPU
		Release|Any CPU = Release|Any CPU
	EndGlobalSection
	GlobalSection(ProjectConfigurationPlatforms) = postSolution
		{CBA26EC0-D06D-91A6-BFD4-074F62511BEE}.Debug|Any CPU.ActiveCfg = Debug|Any CPU
		{CBA26EC0-D06D-91A6-BFD4-074F62511BEE}.Debug|Any CPU.Build.0 = Debug|Any CPU
		{CBA26EC0-D06D-91A6-BFD4-074F62511BEE}.Release|Any CPU.ActiveCfg = Release|Any CPU
		{CBA26EC0-D06D-91A6-BFD4-074F62511BEE}.Release|Any CPU.Build.0 = Release|Any CPU
		{41761598-2EE4-7F53-BE9E-F1877621432E}.Debug|Any CPU.ActiveCfg = Debug|Any CPU
		{41761598-2EE4-7F53-BE9E-F1877621432E}.Debug|Any CPU.Build.0 = Debug|Any CPU
		{41761598-2EE4-7F53-BE9E-F1877621432E}.Release|Any CPU.ActiveCfg = Release|Any CPU
		{41761598-2EE4-7F53-BE9E-F1877621432E}.Release|Any CPU.Build.0 = Release|Any CPU
	EndGlobalSection
	GlobalSection(SolutionProperties) = preSolution
		HideSolutionNode = FALSE
	EndGlobalSection
	GlobalSection(MonoDevelopProperties) = preSolution
		StartupItem = Assembly-CSharp.csproj
	EndGlobalSection
EndGlobal
